
Microsoft Visual Studio Solution File, Format Version 12.00
# Visual Studio Version 17
VisualStudioVersion = 17.0.31903.59
MinimumVisualStudioVersion = 10.0.40219.1
Project("{FAE04EC0-301F-11D3-BF4B-00C04F79EFBC}") = "TextAdventureGame", "TextAdventureGame.csproj", "{0F31B77B-4ADC-48A4-B804-1870386E8500}"
EndProject
Global
	GlobalSection(SolutionConfigurationPlatforms) = preSolution
		Debug|Any CPU = Debug|Any CPU
		Release|Any CPU = Release|Any CPU
	EndGlobalSection
	GlobalSection(SolutionProperties) = preSolution
		HideSolutionNode = FALSE
	EndGlobalSection
	GlobalSection(ProjectConfigurationPlatforms) = postSolution
		{0F31B77B-4ADC-48A4-B804-1870386E8500}.Debug|Any CPU.ActiveCfg = Debug|Any CPU
		{0F31B77B-4ADC-48A4-B804-1870386E8500}.Debug|Any CPU.Build.0 = Debug|Any CPU
		{0F31B77B-4ADC-48A4-B804-1870386E8500}.Release|Any CPU.ActiveCfg = Release|Any CPU
		{0F31B77B-4ADC-48A4-B804-1870386E8500}.Release|Any CPU.Build.0 = Release|Any CPU
	EndGlobalSection
EndGlobal
